
Microsoft Visual Studio Solution File, Format Version 12.00
# Visual Studio Version 17
VisualStudioVersion = 17.0.31903.59
MinimumVisualStudioVersion = 10.0.40219.1
Project("{2150E333-8FDC-42A3-9474-1A3956D46DE8}") = "src", "src", "{827E0CD3-B72D-47B6-A68D-7590B98EB39B}"
EndProject
Project("{FAE04EC0-301F-11D3-BF4B-00C04F79EFBC}") = "Top5.Api", "src\Top5.Api\Top5.Api.csproj", "{4848926C-F4D4-46EE-B33F-C39CA302B34E}"
EndProject
Project("{FAE04EC0-301F-11D3-BF4B-00C04F79EFBC}") = "Top5.Domain", "src\Top5.Domain\Top5.Domain.csproj", "{583A9B3B-B6D7-4BFB-A3A1-2F9293094C1B}"
EndProject
Project("{FAE04EC0-301F-11D3-BF4B-00C04F79EFBC}") = "Top5.Business", "src\Top5.Business\Top5.Business.csproj", "{EB8A6292-3ADF-4504-808C-E1107C4D6EF0}"
EndProject
Project("{FAE04EC0-301F-11D3-BF4B-00C04F79EFBC}") = "Top5.Data", "src\Top5.Data\Top5.Data.csproj", "{3EED55DC-D767-404B-9FB0-9393FD591753}"
EndProject
Project("{2150E333-8FDC-42A3-9474-1A3956D46DE8}") = "tests", "tests", "{0AB3BF05-4346-4AA6-1389-037BE0695223}"
EndProject
Project("{FAE04EC0-301F-11D3-BF4B-00C04F79EFBC}") = "Top5.Tests", "tests\Top5.Tests\Top5.Tests.csproj", "{3781A9CF-5E67-4275-B269-B9C81E3A26B1}"
EndProject
Project("{FAE04EC0-301F-11D3-BF4B-00C04F79EFBC}") = "Top5.Contracts", "src\Top5.Contracts\Top5.Contracts.csproj", "{7642E2FC-94A0-4FFA-9BC5-9E2476562A06}"
EndProject
Global
	GlobalSection(SolutionConfigurationPlatforms) = preSolution
		Debug|Any CPU = Debug|Any CPU
		Debug|x64 = Debug|x64
		Debug|x86 = Debug|x86
		Release|Any CPU = Release|Any CPU
		Release|x64 = Release|x64
		Release|x86 = Release|x86
	EndGlobalSection
	GlobalSection(ProjectConfigurationPlatforms) = postSolution
		{4848926C-F4D4-46EE-B33F-C39CA302B34E}.Debug|Any CPU.ActiveCfg = Debug|Any CPU
		{4848926C-F4D4-46EE-B33F-C39CA302B34E}.Debug|Any CPU.Build.0 = Debug|Any CPU
		{4848926C-F4D4-46EE-B33F-C39CA302B34E}.Debug|x64.ActiveCfg = Debug|Any CPU
		{4848926C-F4D4-46EE-B33F-C39CA302B34E}.Debug|x64.Build.0 = Debug|Any CPU
		{4848926C-F4D4-46EE-B33F-C39CA302B34E}.Debug|x86.ActiveCfg = Debug|Any CPU
		{4848926C-F4D4-46EE-B33F-C39CA302B34E}.Debug|x86.Build.0 = Debug|Any CPU
		{4848926C-F4D4-46EE-B33F-C39CA302B34E}.Release|Any CPU.ActiveCfg = Release|Any CPU
		{4848926C-F4D4-46EE-B33F-C39CA302B34E}.Release|Any CPU.Build.0 = Release|Any CPU
		{4848926C-F4D4-46EE-B33F-C39CA302B34E}.Release|x64.ActiveCfg = Release|Any CPU
		{4848926C-F4D4-46EE-B33F-C39CA302B34E}.Release|x64.Build.0 = Release|Any CPU
		{4848926C-F4D4-46EE-B33F-C39CA302B34E}.Release|x86.ActiveCfg = Release|Any CPU
		{4848926C-F4D4-46EE-B33F-C39CA302B34E}.Release|x86.Build.0 = Release|Any CPU
		{583A9B3B-B6D7-4BFB-A3A1-2F9293094C1B}.Debug|Any CPU.ActiveCfg = Debug|Any CPU
		{583A9B3B-B6D7-4BFB-A3A1-2F9293094C1B}.Debug|Any CPU.Build.0 = Debug|Any CPU
		{583A9B3B-B6D7-4BFB-A3A1-2F9293094C1B}.Debug|x64.ActiveCfg = Debug|Any CPU
		{583A9B3B-B6D7-4BFB-A3A1-2F9293094C1B}.Debug|x64.Build.0 = Debug|Any CPU
		{583A9B3B-B6D7-4BFB-A3A1-2F9293094C1B}.Debug|x86.ActiveCfg = Debug|Any CPU
		{583A9B3B-B6D7-4BFB-A3A1-2F9293094C1B}.Debug|x86.Build.0 = Debug|Any CPU
		{583A9B3B-B6D7-4BFB-A3A1-2F9293094C1B}.Release|Any CPU.ActiveCfg = Release|Any CPU
		{583A9B3B-B6D7-4BFB-A3A1-2F9293094C1B}.Release|Any CPU.Build.0 = Release|Any CPU
		{583A9B3B-B6D7-4BFB-A3A1-2F9293094C1B}.Release|x64.ActiveCfg = Release|Any CPU
		{583A9B3B-B6D7-4BFB-A3A1-2F9293094C1B}.Release|x64.Build.0 = Release|Any CPU
		{583A9B3B-B6D7-4BFB-A3A1-2F9293094C1B}.Release|x86.ActiveCfg = Release|Any CPU
		{583A9B3B-B6D7-4BFB-A3A1-2F9293094C1B}.Release|x86.Build.0 = Release|Any CPU
		{EB8A6292-3ADF-4504-808C-E1107C4D6EF0}.Debug|Any CPU.ActiveCfg = Debug|Any CPU
		{EB8A6292-3ADF-4504-808C-E1107C4D6EF0}.Debug|Any CPU.Build.0 = Debug|Any CPU
		{EB8A6292-3ADF-4504-808C-E1107C4D6EF0}.Debug|x64.ActiveCfg = Debug|Any CPU
		{EB8A6292-3ADF-4504-808C-E1107C4D6EF0}.Debug|x64.Build.0 = Debug|Any CPU
		{EB8A6292-3ADF-4504-808C-E1107C4D6EF0}.Debug|x86.ActiveCfg = Debug|Any CPU
		{EB8A6292-3ADF-4504-808C-E1107C4D6EF0}.Debug|x86.Build.0 = Debug|Any CPU
		{EB8A6292-3ADF-4504-808C-E1107C4D6EF0}.Release|Any CPU.ActiveCfg = Release|Any CPU
		{EB8A6292-3ADF-4504-808C-E1107C4D6EF0}.Release|Any CPU.Build.0 = Release|Any CPU
		{EB8A6292-3ADF-4504-808C-E1107C4D6EF0}.Release|x64.ActiveCfg = Release|Any CPU
		{EB8A6292-3ADF-4504-808C-E1107C4D6EF0}.Release|x64.Build.0 = Release|Any CPU
		{EB8A6292-3ADF-4504-808C-E1107C4D6EF0}.Release|x86.ActiveCfg = Release|Any CPU
		{EB8A6292-3ADF-4504-808C-E1107C4D6EF0}.Release|x86.Build.0 = Release|Any CPU
		{3EED55DC-D767-404B-9FB0-9393FD591753}.Debug|Any CPU.ActiveCfg = Debug|Any CPU
		{3EED55DC-D767-404B-9FB0-9393FD591753}.Debug|Any CPU.Build.0 = Debug|Any CPU
		{3EED55DC-D767-404B-9FB0-9393FD591753}.Debug|x64.ActiveCfg = Debug|Any CPU
		{3EED55DC-D767-404B-9FB0-9393FD591753}.Debug|x64.Build.0 = Debug|Any CPU
		{3EED55DC-D767-404B-9FB0-9393FD591753}.Debug|x86.ActiveCfg = Debug|Any CPU
		{3EED55DC-D767-404B-9FB0-9393FD591753}.Debug|x86.Build.0 = Debug|Any CPU
		{3EED55DC-D767-404B-9FB0-9393FD591753}.Release|Any CPU.ActiveCfg = Release|Any CPU
		{3EED55DC-D767-404B-9FB0-9393FD591753}.Release|Any CPU.Build.0 = Release|Any CPU
		{3EED55DC-D767-404B-9FB0-9393FD591753}.Release|x64.ActiveCfg = Release|Any CPU
		{3EED55DC-D767-404B-9FB0-9393FD591753}.Release|x64.Build.0 = Release|Any CPU
		{3EED55DC-D767-404B-9FB0-9393FD591753}.Release|x86.ActiveCfg = Release|Any CPU
		{3EED55DC-D767-404B-9FB0-9393FD591753}.Release|x86.Build.0 = Release|Any CPU
		{3781A9CF-5E67-4275-B269-B9C81E3A26B1}.Debug|Any CPU.ActiveCfg = Debug|Any CPU
		{3781A9CF-5E67-4275-B269-B9C81E3A26B1}.Debug|Any CPU.Build.0 = Debug|Any CPU
		{3781A9CF-5E67-4275-B269-B9C81E3A26B1}.Debug|x64.ActiveCfg = Debug|Any CPU
		{3781A9CF-5E67-4275-B269-B9C81E3A26B1}.Debug|x64.Build.0 = Debug|Any CPU
		{3781A9CF-5E67-4275-B269-B9C81E3A26B1}.Debug|x86.ActiveCfg = Debug|Any CPU
		{3781A9CF-5E67-4275-B269-B9C81E3A26B1}.Debug|x86.Build.0 = Debug|Any CPU
		{3781A9CF-5E67-4275-B269-B9C81E3A26B1}.Release|Any CPU.ActiveCfg = Release|Any CPU
		{3781A9CF-5E67-4275-B269-B9C81E3A26B1}.Release|Any CPU.Build.0 = Release|Any CPU
		{3781A9CF-5E67-4275-B269-B9C81E3A26B1}.Release|x64.ActiveCfg = Release|Any CPU
		{3781A9CF-5E67-4275-B269-B9C81E3A26B1}.Release|x64.Build.0 = Release|Any CPU
		{3781A9CF-5E67-4275-B269-B9C81E3A26B1}.Release|x86.ActiveCfg = Release|Any CPU
		{3781A9CF-5E67-4275-B269-B9C81E3A26B1}.Release|x86.Build.0 = Release|Any CPU
		{7642E2FC-94A0-4FFA-9BC5-9E2476562A06}.Debug|Any CPU.ActiveCfg = Debug|Any CPU
		{7642E2FC-94A0-4FFA-9BC5-9E2476562A06}.Debug|Any CPU.Build.0 = Debug|Any CPU
		{7642E2FC-94A0-4FFA-9BC5-9E2476562A06}.Debug|x64.ActiveCfg = Debug|Any CPU
		{7642E2FC-94A0-4FFA-9BC5-9E2476562A06}.Debug|x64.Build.0 = Debug|Any CPU
		{7642E2FC-94A0-4FFA-9BC5-9E2476562A06}.Debug|x86.ActiveCfg = Debug|Any CPU
		{7642E2FC-94A0-4FFA-9BC5-9E2476562A06}.Debug|x86.Build.0 = Debug|Any CPU
		{7642E2FC-94A0-4FFA-9BC5-9E2476562A06}.Release|Any CPU.ActiveCfg = Release|Any CPU
		{7642E2FC-94A0-4FFA-9BC5-9E2476562A06}.Release|Any CPU.Build.0 = Release|Any CPU
		{7642E2FC-94A0-4FFA-9BC5-9E2476562A06}.Release|x64.ActiveCfg = Release|Any CPU
		{7642E2FC-94A0-4FFA-9BC5-9E2476562A06}.Release|x64.Build.0 = Release|Any CPU
		{7642E2FC-94A0-4FFA-9BC5-9E2476562A06}.Release|x86.ActiveCfg = Release|Any CPU
		{7642E2FC-94A0-4FFA-9BC5-9E2476562A06}.Release|x86.Build.0 = Release|Any CPU
	EndGlobalSection
	GlobalSection(SolutionProperties) = preSolution
		HideSolutionNode = FALSE
	EndGlobalSection
	GlobalSection(NestedProjects) = preSolution
		{4848926C-F4D4-46EE-B33F-C39CA302B34E} = {827E0CD3-B72D-47B6-A68D-7590B98EB39B}
		{583A9B3B-B6D7-4BFB-A3A1-2F9293094C1B} = {827E0CD3-B72D-47B6-A68D-7590B98EB39B}
		{EB8A6292-3ADF-4504-808C-E1107C4D6EF0} = {827E0CD3-B72D-47B6-A68D-7590B98EB39B}
		{3EED55DC-D767-404B-9FB0-9393FD591753} = {827E0CD3-B72D-47B6-A68D-7590B98EB39B}
		{3781A9CF-5E67-4275-B269-B9C81E3A26B1} = {0AB3BF05-4346-4AA6-1389-037BE0695223}
		{7642E2FC-94A0-4FFA-9BC5-9E2476562A06} = {827E0CD3-B72D-47B6-A68D-7590B98EB39B}
	EndGlobalSection
EndGlobal
